{
  "libraryVersion": "0.0.22",
  "files": {
    ".gitignore": "sha256-b4088683c36ba56d0e287ced962d27ce4fd5fb582f876c0f33bc35667b61a8aa",
    ".vscode/settings.json": "sha256-e840a4fd9901e647654b323b9d4945b720a052ab8f4b6166e3e93adfbd12f260",
    ".workspace/connectors.json": "sha256-3d34cd29227263d3f8b2355cd9c67c87d747ae6c2f581a5ab52ab831d8d803f6",
    ".workspace/credentials/README.md": "sha256-aef0575f4480f67d859290124e87dab06295f7e6e63118555a8f5153bf31f9db",
    ".workspace/manifest.json": "sha256-b928a336bf166f4f46e34bdf397e5f660511029c7939b262db10d033e963c7db",
    "AGENTS.md": "sha256-9488e749d505fbe864e68cfb57ce0ff7989da3734116a5d3e47f8e82d87e7a36",
    "CLAUDE.md": "sha256-4f8734db558e89e8960237c3b9890b2b7075c5e751428916dbb1c525b73d1e65",
    "GEMINI.md": "sha256-9a8a2e391feb60d8d69f4fe7579275aef53fef51af3804bf13103b53057a2cad",
    "README.md": "sha256-db5d04ed464820d623c762cfa4a0fa13ed932125fb780d0daa901ad6cc90a88b",
    "agents/code-reviewer.md": "sha256-3297610a72dca871505edc345d13e2f75e1f3e32d3add811e26e19366e1f3bf6",
    "agents/product-manager.md": "sha256-fb78fc544349ff82e6004af2cd3a7660e2607427c468d02265c89cb3f516855d",
    "agents/qa-engineer.md": "sha256-7d8e3c58719b36f600b7904c02f107d4dd1eeaeac81193c460264e05081d4872",
    "agents/release-engineer.md": "sha256-47b312bfa4ded333e73a89063df89f9c6bb16b4d390a8002f0bc9e634fb758a2",
    "agents/software-engineer.md": "sha256-366f95088246697ca263ccb4d05c6b7e3d155d0f99e26918537bcdd6d41e3b82",
    "agents/tech-lead.md": "sha256-b5c00729fd4008a0d98f38b9d7beee8debb6cad1c05f99ff3d682d98a98826aa",
    "catalog/agents/audit.md": "sha256-b3b00d3c05af10f499c9da92d9dc92df576510b284cee140b68c2dc573cb8b60",
    "catalog/agents/data-engineer.md": "sha256-5cf03639fb557c1dc5a5be5183e5621829a06675685b3cb5873874d1c0e0b6e3",
    "catalog/agents/marketing-specialist.md": "sha256-f561fa94ded8270ee2f85cf204f05ae5be76dc58e3d8b1460582dc2cc8447851",
    "catalog/skills/define-entity-schema.md": "sha256-86ce23aa226d022c9b0d4a23dcaf609586ef49ea20dc17102d21145b4059a481",
    "catalog/skills/define-gtm-plan.md": "sha256-e15e15a8bd4b610bd312db6133146ae4423a544e714736051bbc7875fa469515",
    "catalog/skills/implement-tracking-tags.md": "sha256-243afd9cb396dd14e5bc23127bb8a556e3493811a27b307ccae4e0c6e81257f6",
    "catalog/skills/review-logs.md": "sha256-e5ee090d885cf36961c64f4fb91db610c6c14131eb5db7c21bdf3fc65dfb7ba9",
    "catalog/skills/write-migration.md": "sha256-9532cc22151b0b83777e3035ef1ba99c77ad93e10f36b031d7dc4ca9ecfb3b4f",
    "goals/.gitkeep": "sha256-410dcf5765a3e9d4f908b52fcc258f9f86c6c4fe25f260b1693b6a5a51887336",
    "instructions/capture-requirement.md": "sha256-d8db580049815d27e19165ee6c2e4084385582bb75eb0ff317d0c371e796228c",
    "instructions/full-workflow.md": "sha256-462121d707aec89030d619cf4edb867fe8dd6b975e1f440ef296488c5aaa2b1d",
    "instructions/plan-a-goal.md": "sha256-5b06ae27bde07d4d6c1bbb9464439956486e899da8e8efb172f3a7a3044dd7c1",
    "instructions/ship-a-change.md": "sha256-03732817153832df280cb52dda1a03e2ec61787f03337408067c2fdf86dfb166",
    "logs/.gitkeep": "sha256-87dfea88c9a53335f153c91683b3493f46ecd790370365b70e0f505130738bf0",
    "repos/.gitkeep": "sha256-80ea0e749c6b7516032fce6a22fc0d4608ab8572f0c91dc629b3cce41993ce08",
    "rules/acceptance-criteria-required.md": "sha256-5b48ea2a75afd6efc0eaba8c1c2633be7163758868e9658543a631080a50c645",
    "rules/conventional-commits.md": "sha256-aad05b2e5f5dcbd02ae9c37a7cd1e69a93bcd8e8b4c4f97183af1d91d85c41a6",
    "rules/isolate-task-worktrees.md": "sha256-8e14ed1f6a499e799c1c91ee4afacbedfdc6a61331c5d03090939b93de65f7cc",
    "rules/no-push-to-main.md": "sha256-a93c0f7cb821b2edbb6b0889360020f860bce3229d41df41ecb6bbdfe2632099",
    "rules/pick-reasoning-effort.md": "sha256-7aef683d5c8c1ab1a5ca5d7c268fcb632e10baf7e7c9b1b1fc2fead323016c54",
    "rules/pr-requirements.md": "sha256-4ce3b60eda07f1dfbe6e4607587f1df106b00cfe00bc8a53644e65dea3278b32",
    "rules/record-every-run.md": "sha256-e1077e226cdd0a816be55d0afe136550f30dce0c2982269b458b82ed0015d5b3",
    "rules/stay-in-scope.md": "sha256-4f89d26d135875248b4a4d5a356b3f4d8ab6ddc01d56349cb564791fca4fb042",
    "rules/tests-must-pass.md": "sha256-8e373ff91f87871b6207f083f189452922add0a3083961a7a5c276f022d06a67",
    "skills/create-commit.md": "sha256-df1eed8baee1282461a671c03aed1928f4d5f93906e3763083ca203dc2386f42",
    "skills/create-task-worktree.md": "sha256-001abb907b100793ad37f3092b3cda907282c4dcd198dd91eb80b51e539c176f",
    "skills/file-bug.md": "sha256-b985b2ca26229c67264f1d9071533b902c2327ea1016c199c70b0446c9165e7a",
    "skills/open-pr.md": "sha256-388e989f759073f5f61ed4d7ecc4bbd45fa0e6709391585a7e8d686321b6794a",
    "skills/refine-requirement.md": "sha256-2fcd3a99f2c4ecc3b4725b08661e83aee065218f8b6c0ca62da4f8ee4db76dee",
    "skills/resolve-pr.md": "sha256-ac72821489f853b78a6565221489431f5eb31b65c619ec5ce84504799fe4d423",
    "skills/run-tests.md": "sha256-e01be6343a689421adc4798eec99355a49e7c940b66c6ddad0bd02210964d358",
    "skills/sync-repos.md": "sha256-cdb5996cfcef1aba4b3895b8d7b91b8cd65456c947167801e77066cb227a34ec",
    "skills/verify-acceptance-criteria.md": "sha256-071d0cbad7da35e9e7c3b22d66f8ab29cbe5b173a37a2af17874d1c2225784ea"
  }
}
