{
  "libraryVersion": "0.0.7",
  "files": {
    ".gitignore": "sha256-3fd7d8f6fd9682873ad3da985b29f5d4b4b64ed0db9beb96f8f0a29743e8ce56",
    ".vscode/settings.json": "sha256-e840a4fd9901e647654b323b9d4945b720a052ab8f4b6166e3e93adfbd12f260",
    ".workspace/connectors.json": "sha256-3d34cd29227263d3f8b2355cd9c67c87d747ae6c2f581a5ab52ab831d8d803f6",
    ".workspace/credentials/README.md": "sha256-aef0575f4480f67d859290124e87dab06295f7e6e63118555a8f5153bf31f9db",
    ".workspace/manifest.json": "sha256-638dd953dbea9b323861b18e3b832dfba491afead749ae1533b8cdf2444d0082",
    "AGENTS.md": "sha256-7d06d946012f85f207faaaeb9d73e225ab85f246d2d17cf99999872a80894602",
    "CLAUDE.md": "sha256-4f8734db558e89e8960237c3b9890b2b7075c5e751428916dbb1c525b73d1e65",
    "GEMINI.md": "sha256-9a8a2e391feb60d8d69f4fe7579275aef53fef51af3804bf13103b53057a2cad",
    "README.md": "sha256-db5d04ed464820d623c762cfa4a0fa13ed932125fb780d0daa901ad6cc90a88b",
    "agents/code-reviewer.md": "sha256-90cf5fbc554281b24b14f55e2a9bc06f768e25a681eff96e593885035a170851",
    "agents/product-manager.md": "sha256-379d45937573fb530fd5856a57acb4209fb23841a47a3eac33646d30bf3ddbcf",
    "agents/qa-engineer.md": "sha256-62cbbc1332c793122f6c170b77a3577f9b0b86eab6d364b7d6de6910b1044278",
    "agents/release-engineer.md": "sha256-27f0a7506a056c972e8298bb31339c307e002b7efb53c1338af6adaa62300562",
    "agents/software-engineer.md": "sha256-eb51afde15220a85a95b9688d314ea8eb65dbecd71d8c009ca1c3de19cfb587a",
    "agents/tech-lead.md": "sha256-0b18b4cd67371005a260845d677b31b4f924b61077b7a2e971599c539325608e",
    "catalog/agents/audit.md": "sha256-4722e244cecad10ea492b423444d9d3cae7e81a767b1ae19bf57b49e20c2218b",
    "catalog/agents/data-engineer.md": "sha256-183b7e28d3d836d43c0add27d041f7cf70cb3b66f89347f8bf15d6caf3ed86c9",
    "catalog/agents/marketing-specialist.md": "sha256-99aea414a71d20a001d31a963b26271a9360cd79a72076149508d8eb0700ae23",
    "catalog/skills/define-entity-schema.md": "sha256-86ce23aa226d022c9b0d4a23dcaf609586ef49ea20dc17102d21145b4059a481",
    "catalog/skills/define-gtm-plan.md": "sha256-e15e15a8bd4b610bd312db6133146ae4423a544e714736051bbc7875fa469515",
    "catalog/skills/implement-tracking-tags.md": "sha256-243afd9cb396dd14e5bc23127bb8a556e3493811a27b307ccae4e0c6e81257f6",
    "catalog/skills/review-logs.md": "sha256-e5ee090d885cf36961c64f4fb91db610c6c14131eb5db7c21bdf3fc65dfb7ba9",
    "catalog/skills/write-migration.md": "sha256-9532cc22151b0b83777e3035ef1ba99c77ad93e10f36b031d7dc4ca9ecfb3b4f",
    "goals/.gitkeep": "sha256-410dcf5765a3e9d4f908b52fcc258f9f86c6c4fe25f260b1693b6a5a51887336",
    "instructions/capture-requirement.md": "sha256-7829e6a521c083eb4d36e9a160c983051dfe8aee9bce2754b2d8765d1b65c216",
    "instructions/full-workflow.md": "sha256-462121d707aec89030d619cf4edb867fe8dd6b975e1f440ef296488c5aaa2b1d",
    "instructions/plan-a-goal.md": "sha256-c77fa3767394a3e7295d0c121abde6726f629ed63df11d7c81a815d223a9c125",
    "instructions/ship-a-change.md": "sha256-03732817153832df280cb52dda1a03e2ec61787f03337408067c2fdf86dfb166",
    "logs/.gitkeep": "sha256-87dfea88c9a53335f153c91683b3493f46ecd790370365b70e0f505130738bf0",
    "repos/.gitkeep": "sha256-80ea0e749c6b7516032fce6a22fc0d4608ab8572f0c91dc629b3cce41993ce08",
    "rules/acceptance-criteria-required.md": "sha256-5b48ea2a75afd6efc0eaba8c1c2633be7163758868e9658543a631080a50c645",
    "rules/conventional-commits.md": "sha256-aad05b2e5f5dcbd02ae9c37a7cd1e69a93bcd8e8b4c4f97183af1d91d85c41a6",
    "rules/isolate-task-worktrees.md": "sha256-8e14ed1f6a499e799c1c91ee4afacbedfdc6a61331c5d03090939b93de65f7cc",
    "rules/no-push-to-main.md": "sha256-a93c0f7cb821b2edbb6b0889360020f860bce3229d41df41ecb6bbdfe2632099",
    "rules/pr-requirements.md": "sha256-4ce3b60eda07f1dfbe6e4607587f1df106b00cfe00bc8a53644e65dea3278b32",
    "rules/stay-in-scope.md": "sha256-4f89d26d135875248b4a4d5a356b3f4d8ab6ddc01d56349cb564791fca4fb042",
    "rules/tests-must-pass.md": "sha256-8e373ff91f87871b6207f083f189452922add0a3083961a7a5c276f022d06a67",
    "skills/create-commit.md": "sha256-df1eed8baee1282461a671c03aed1928f4d5f93906e3763083ca203dc2386f42",
    "skills/create-task-worktree.md": "sha256-001abb907b100793ad37f3092b3cda907282c4dcd198dd91eb80b51e539c176f",
    "skills/file-bug.md": "sha256-b985b2ca26229c67264f1d9071533b902c2327ea1016c199c70b0446c9165e7a",
    "skills/open-pr.md": "sha256-388e989f759073f5f61ed4d7ecc4bbd45fa0e6709391585a7e8d686321b6794a",
    "skills/refine-requirement.md": "sha256-2fcd3a99f2c4ecc3b4725b08661e83aee065218f8b6c0ca62da4f8ee4db76dee",
    "skills/resolve-pr.md": "sha256-ac72821489f853b78a6565221489431f5eb31b65c619ec5ce84504799fe4d423",
    "skills/run-tests.md": "sha256-e01be6343a689421adc4798eec99355a49e7c940b66c6ddad0bd02210964d358",
    "skills/sync-repos.md": "sha256-cdb5996cfcef1aba4b3895b8d7b91b8cd65456c947167801e77066cb227a34ec",
    "skills/verify-acceptance-criteria.md": "sha256-071d0cbad7da35e9e7c3b22d66f8ab29cbe5b173a37a2af17874d1c2225784ea"
  }
}
